
Microsoft Visual Studio Solution File, Format Version 12.00
# Visual Studio 15
VisualStudioVersion = 15.0.28307.852
MinimumVisualStudioVersion = 10.0.40219.1
Project("{FAE04EC0-301F-11D3-BF4B-00C04F79EFBC}") = "Lab2", "Lab2\Lab2.csproj", "{B8553B9D-8D18-40DB-9D11-2D776015F30D}"
EndProject
Global
	GlobalSection(SolutionConfigurationPlatforms) = preSolution
		Debug|Any CPU = Debug|Any CPU
		Release|Any CPU = Release|Any CPU
	EndGlobalSection
	GlobalSection(ProjectConfigurationPlatforms) = postSolution
		{B8553B9D-8D18-40DB-9D11-2D776015F30D}.Debug|Any CPU.ActiveCfg = Debug|Any CPU
		{B8553B9D-8D18-40DB-9D11-2D776015F30D}.Debug|Any CPU.Build.0 = Debug|Any CPU
		{B8553B9D-8D18-40DB-9D11-2D776015F30D}.Release|Any CPU.ActiveCfg = Release|Any CPU
		{B8553B9D-8D18-40DB-9D11-2D776015F30D}.Release|Any CPU.Build.0 = Release|Any CPU
	EndGlobalSection
	GlobalSection(SolutionProperties) = preSolution
		HideSolutionNode = FALSE
	EndGlobalSection
	GlobalSection(ExtensibilityGlobals) = postSolution
		SolutionGuid = {C3A20283-035E-4B61-B338-55506C93591B}
	EndGlobalSection
EndGlobal
